
Microsoft Visual Studio Solution File, Format Version 12.00
# Visual Studio Version 17
VisualStudioVersion = 17.11.35327.3
MinimumVisualStudioVersion = 10.0.40219.1
Project("{2150E333-8FDC-42A3-9474-1A3956D46DE8}") = "Services", "Services", "{EDB6E0C4-BA4A-4D97-B243-03B5869B5C3A}"
EndProject
Project("{2150E333-8FDC-42A3-9474-1A3956D46DE8}") = "Catalog", "Catalog", "{B3C21522-8EAB-4332-B7C1-0F9B688E7345}"
EndProject
Project("{9A19103F-16F7-4668-BE54-9A1E7A4F7556}") = "Catalog.API", "Services\Catalog\Catalog.API\Catalog.API.csproj", "{CB83FB6B-5C0D-48B4-BDBF-F97C75D64B82}"
EndProject
Project("{2150E333-8FDC-42A3-9474-1A3956D46DE8}") = "BuildingBlocks", "BuildingBlocks", "{C4A6F9F3-FD9D-4324-9015-903C4EBB86FC}"
EndProject
Project("{9A19103F-16F7-4668-BE54-9A1E7A4F7556}") = "BuildingBlocks", "BuildingBlocks\BuildingBlocks\BuildingBlocks.csproj", "{8043F591-2848-45EE-BEF2-2BEE8863EDD1}"
EndProject
Project("{E53339B2-1760-4266-BCC7-CA923CBCF16C}") = "docker-compose", "docker-compose.dcproj", "{34381876-D38E-447E-81B7-1DB90BE6A89E}"
EndProject
Project("{2150E333-8FDC-42A3-9474-1A3956D46DE8}") = "Solution Items", "Solution Items", "{5E826BB3-7086-4B83-BE26-0C36205ED738}"
	ProjectSection(SolutionItems) = preProject
		.editorconfig = .editorconfig
	EndProjectSection
EndProject
Project("{2150E333-8FDC-42A3-9474-1A3956D46DE8}") = "Basket", "Basket", "{0B4F3521-4951-4831-AE38-64183D718942}"
EndProject
Project("{9A19103F-16F7-4668-BE54-9A1E7A4F7556}") = "Basket.API", "Services\Basket\Basket.API\Basket.API.csproj", "{A677CC4E-7010-4A0A-BA51-4293DE975D39}"
EndProject
Project("{2150E333-8FDC-42A3-9474-1A3956D46DE8}") = "Discount", "Discount", "{13A007B2-B794-4190-AACE-2077BC513D33}"
EndProject
Project("{9A19103F-16F7-4668-BE54-9A1E7A4F7556}") = "Discount.Grpc", "Services\Discount\Discount.Grpc\Discount.Grpc.csproj", "{987BB5B8-399E-44FD-A467-E2B94894F9F5}"
EndProject
Project("{2150E333-8FDC-42A3-9474-1A3956D46DE8}") = "Ordering", "Ordering", "{91BB39EE-F90E-4C9D-8A52-C590375ADBA1}"
EndProject
Project("{9A19103F-16F7-4668-BE54-9A1E7A4F7556}") = "Ordering.API", "Services\Ordering\Ordering.API\Ordering.API.csproj", "{9705C9A1-7002-476B-BF2C-9F4DC6CE0DD8}"
EndProject
Project("{FAE04EC0-301F-11D3-BF4B-00C04F79EFBC}") = "Ordering.Domain", "Services\Ordering\Ordering.Domain\Ordering.Domain.csproj", "{50DD9852-F868-4563-B930-D670F34CC89E}"
EndProject
Project("{FAE04EC0-301F-11D3-BF4B-00C04F79EFBC}") = "Ordering.Application", "Services\Ordering\Ordering.Application\Ordering.Application.csproj", "{045E63A5-641F-469C-9E71-3D9A72BBA106}"
EndProject
Project("{FAE04EC0-301F-11D3-BF4B-00C04F79EFBC}") = "Ordering.Infrastructure", "Services\Ordering\Ordering.Infrastructure\Ordering.Infrastructure.csproj", "{5D1DA777-0E14-4923-8DFE-30582E5908DE}"
EndProject
Project("{FAE04EC0-301F-11D3-BF4B-00C04F79EFBC}") = "BuidingBlocks.Messaging", "BuildingBlocks\BuidingBlocks.Messaging\BuidingBlocks.Messaging.csproj", "{5A2E506C-9599-40F4-847A-0D0F36A80D28}"
EndProject
Project("{2150E333-8FDC-42A3-9474-1A3956D46DE8}") = "ApiGateways", "ApiGateways", "{2E4D5699-80D8-435B-8747-057E1F65ED02}"
EndProject
Project("{FAE04EC0-301F-11D3-BF4B-00C04F79EFBC}") = "YarpApiGateway", "ApiGateways\YarpApiGateway\YarpApiGateway.csproj", "{0FA9F201-57BE-49CC-999C-24AD57FD2D3F}"
EndProject
Project("{2150E333-8FDC-42A3-9474-1A3956D46DE8}") = "WebApps", "WebApps", "{ECE4C3E7-442A-4537-96E7-8CE288E82186}"
EndProject
Project("{FAE04EC0-301F-11D3-BF4B-00C04F79EFBC}") = "Shopping.Web", "WebApps\Shopping.Web\Shopping.Web.csproj", "{D59F8D3F-9044-4374-AAC0-B3AC868A6B5B}"
EndProject
Global
	GlobalSection(SolutionConfigurationPlatforms) = preSolution
		Debug|Any CPU = Debug|Any CPU
		Release|Any CPU = Release|Any CPU
	EndGlobalSection
	GlobalSection(ProjectConfigurationPlatforms) = postSolution
		{CB83FB6B-5C0D-48B4-BDBF-F97C75D64B82}.Debug|Any CPU.ActiveCfg = Debug|Any CPU
		{CB83FB6B-5C0D-48B4-BDBF-F97C75D64B82}.Debug|Any CPU.Build.0 = Debug|Any CPU
		{CB83FB6B-5C0D-48B4-BDBF-F97C75D64B82}.Release|Any CPU.ActiveCfg = Release|Any CPU
		{CB83FB6B-5C0D-48B4-BDBF-F97C75D64B82}.Release|Any CPU.Build.0 = Release|Any CPU
		{8043F591-2848-45EE-BEF2-2BEE8863EDD1}.Debug|Any CPU.ActiveCfg = Debug|Any CPU
		{8043F591-2848-45EE-BEF2-2BEE8863EDD1}.Debug|Any CPU.Build.0 = Debug|Any CPU
		{8043F591-2848-45EE-BEF2-2BEE8863EDD1}.Release|Any CPU.ActiveCfg = Release|Any CPU
		{8043F591-2848-45EE-BEF2-2BEE8863EDD1}.Release|Any CPU.Build.0 = Release|Any CPU
		{34381876-D38E-447E-81B7-1DB90BE6A89E}.Debug|Any CPU.ActiveCfg = Debug|Any CPU
		{34381876-D38E-447E-81B7-1DB90BE6A89E}.Debug|Any CPU.Build.0 = Debug|Any CPU
		{34381876-D38E-447E-81B7-1DB90BE6A89E}.Release|Any CPU.ActiveCfg = Release|Any CPU
		{34381876-D38E-447E-81B7-1DB90BE6A89E}.Release|Any CPU.Build.0 = Release|Any CPU
		{A677CC4E-7010-4A0A-BA51-4293DE975D39}.Debug|Any CPU.ActiveCfg = Debug|Any CPU
		{A677CC4E-7010-4A0A-BA51-4293DE975D39}.Debug|Any CPU.Build.0 = Debug|Any CPU
		{A677CC4E-7010-4A0A-BA51-4293DE975D39}.Release|Any CPU.ActiveCfg = Release|Any CPU
		{A677CC4E-7010-4A0A-BA51-4293DE975D39}.Release|Any CPU.Build.0 = Release|Any CPU
		{987BB5B8-399E-44FD-A467-E2B94894F9F5}.Debug|Any CPU.ActiveCfg = Debug|Any CPU
		{987BB5B8-399E-44FD-A467-E2B94894F9F5}.Debug|Any CPU.Build.0 = Debug|Any CPU
		{987BB5B8-399E-44FD-A467-E2B94894F9F5}.Release|Any CPU.ActiveCfg = Release|Any CPU
		{987BB5B8-399E-44FD-A467-E2B94894F9F5}.Release|Any CPU.Build.0 = Release|Any CPU
		{9705C9A1-7002-476B-BF2C-9F4DC6CE0DD8}.Debug|Any CPU.ActiveCfg = Debug|Any CPU
		{9705C9A1-7002-476B-BF2C-9F4DC6CE0DD8}.Debug|Any CPU.Build.0 = Debug|Any CPU
		{9705C9A1-7002-476B-BF2C-9F4DC6CE0DD8}.Release|Any CPU.ActiveCfg = Release|Any CPU
		{9705C9A1-7002-476B-BF2C-9F4DC6CE0DD8}.Release|Any CPU.Build.0 = Release|Any CPU
		{50DD9852-F868-4563-B930-D670F34CC89E}.Debug|Any CPU.ActiveCfg = Debug|Any CPU
		{50DD9852-F868-4563-B930-D670F34CC89E}.Debug|Any CPU.Build.0 = Debug|Any CPU
		{50DD9852-F868-4563-B930-D670F34CC89E}.Release|Any CPU.ActiveCfg = Release|Any CPU
		{50DD9852-F868-4563-B930-D670F34CC89E}.Release|Any CPU.Build.0 = Release|Any CPU
		{045E63A5-641F-469C-9E71-3D9A72BBA106}.Debug|Any CPU.ActiveCfg = Debug|Any CPU
		{045E63A5-641F-469C-9E71-3D9A72BBA106}.Debug|Any CPU.Build.0 = Debug|Any CPU
		{045E63A5-641F-469C-9E71-3D9A72BBA106}.Release|Any CPU.ActiveCfg = Release|Any CPU
		{045E63A5-641F-469C-9E71-3D9A72BBA106}.Release|Any CPU.Build.0 = Release|Any CPU
		{5D1DA777-0E14-4923-8DFE-30582E5908DE}.Debug|Any CPU.ActiveCfg = Debug|Any CPU
		{5D1DA777-0E14-4923-8DFE-30582E5908DE}.Debug|Any CPU.Build.0 = Debug|Any CPU
		{5D1DA777-0E14-4923-8DFE-30582E5908DE}.Release|Any CPU.ActiveCfg = Release|Any CPU
		{5D1DA777-0E14-4923-8DFE-30582E5908DE}.Release|Any CPU.Build.0 = Release|Any CPU
		{5A2E506C-9599-40F4-847A-0D0F36A80D28}.Debug|Any CPU.ActiveCfg = Debug|Any CPU
		{5A2E506C-9599-40F4-847A-0D0F36A80D28}.Debug|Any CPU.Build.0 = Debug|Any CPU
		{5A2E506C-9599-40F4-847A-0D0F36A80D28}.Release|Any CPU.ActiveCfg = Release|Any CPU
		{5A2E506C-9599-40F4-847A-0D0F36A80D28}.Release|Any CPU.Build.0 = Release|Any CPU
		{0FA9F201-57BE-49CC-999C-24AD57FD2D3F}.Debug|Any CPU.ActiveCfg = Debug|Any CPU
		{0FA9F201-57BE-49CC-999C-24AD57FD2D3F}.Debug|Any CPU.Build.0 = Debug|Any CPU
		{0FA9F201-57BE-49CC-999C-24AD57FD2D3F}.Release|Any CPU.ActiveCfg = Release|Any CPU
		{0FA9F201-57BE-49CC-999C-24AD57FD2D3F}.Release|Any CPU.Build.0 = Release|Any CPU
		{D59F8D3F-9044-4374-AAC0-B3AC868A6B5B}.Debug|Any CPU.ActiveCfg = Debug|Any CPU
		{D59F8D3F-9044-4374-AAC0-B3AC868A6B5B}.Debug|Any CPU.Build.0 = Debug|Any CPU
		{D59F8D3F-9044-4374-AAC0-B3AC868A6B5B}.Release|Any CPU.ActiveCfg = Release|Any CPU
		{D59F8D3F-9044-4374-AAC0-B3AC868A6B5B}.Release|Any CPU.Build.0 = Release|Any CPU
	EndGlobalSection
	GlobalSection(SolutionProperties) = preSolution
		HideSolutionNode = FALSE
	EndGlobalSection
	GlobalSection(NestedProjects) = preSolution
		{B3C21522-8EAB-4332-B7C1-0F9B688E7345} = {EDB6E0C4-BA4A-4D97-B243-03B5869B5C3A}
		{CB83FB6B-5C0D-48B4-BDBF-F97C75D64B82} = {B3C21522-8EAB-4332-B7C1-0F9B688E7345}
		{8043F591-2848-45EE-BEF2-2BEE8863EDD1} = {C4A6F9F3-FD9D-4324-9015-903C4EBB86FC}
		{0B4F3521-4951-4831-AE38-64183D718942} = {EDB6E0C4-BA4A-4D97-B243-03B5869B5C3A}
		{A677CC4E-7010-4A0A-BA51-4293DE975D39} = {0B4F3521-4951-4831-AE38-64183D718942}
		{13A007B2-B794-4190-AACE-2077BC513D33} = {EDB6E0C4-BA4A-4D97-B243-03B5869B5C3A}
		{987BB5B8-399E-44FD-A467-E2B94894F9F5} = {13A007B2-B794-4190-AACE-2077BC513D33}
		{91BB39EE-F90E-4C9D-8A52-C590375ADBA1} = {EDB6E0C4-BA4A-4D97-B243-03B5869B5C3A}
		{9705C9A1-7002-476B-BF2C-9F4DC6CE0DD8} = {91BB39EE-F90E-4C9D-8A52-C590375ADBA1}
		{50DD9852-F868-4563-B930-D670F34CC89E} = {91BB39EE-F90E-4C9D-8A52-C590375ADBA1}
		{045E63A5-641F-469C-9E71-3D9A72BBA106} = {91BB39EE-F90E-4C9D-8A52-C590375ADBA1}
		{5D1DA777-0E14-4923-8DFE-30582E5908DE} = {91BB39EE-F90E-4C9D-8A52-C590375ADBA1}
		{5A2E506C-9599-40F4-847A-0D0F36A80D28} = {C4A6F9F3-FD9D-4324-9015-903C4EBB86FC}
		{0FA9F201-57BE-49CC-999C-24AD57FD2D3F} = {2E4D5699-80D8-435B-8747-057E1F65ED02}
		{D59F8D3F-9044-4374-AAC0-B3AC868A6B5B} = {ECE4C3E7-442A-4537-96E7-8CE288E82186}
	EndGlobalSection
	GlobalSection(ExtensibilityGlobals) = postSolution
		SolutionGuid = {E3B8BEB9-0346-4E76-BC9C-2B9621BF3F68}
	EndGlobalSection
EndGlobal
